<?xml version="1.0" encoding="utf-8"?>
<Project ToolsVersion="4.0" xmlns="http://schemas.microsoft.com/developer/msbuild/2003">
  <ItemGroup>
    <Filter Include="Main">
      <UniqueIdentifier>{a19ed8ac-c267-4067-9c1e-82651ac82f55}</UniqueIdentifier>
    </Filter>
    <Filter Include="Utils">
      <UniqueIdentifier>{5081ff98-0119-4a05-98d1-1694adde0664}</UniqueIdentifier>
    </Filter>
    <Filter Include="Protocol">
      <UniqueIdentifier>{39d056db-9103-4bb0-ae98-7589b28061f0}</UniqueIdentifier>
    </Filter>
    <Filter Include="Protocol\Proto">
      <UniqueIdentifier>{a6333ac1-19f4-49b6-883e-6e079ac59766}</UniqueIdentifier>
    </Filter>
    <Filter Include="Main\Session">
      <UniqueIdentifier>{43405056-00df-4b73-a764-7bf753a6d58e}</UniqueIdentifier>
    </Filter>
    <Filter Include="Contents">
      <UniqueIdentifier>{908ccf98-02a1-49ed-b2e2-57938fb05001}</UniqueIdentifier>
    </Filter>
  </ItemGroup>
  <ItemGroup>
    <ClCompile Include="Server.cpp">
      <Filter>Main</Filter>
    </ClCompile>
    <ClCompile Include="pch.cpp">
      <Filter>Main</Filter>
    </ClCompile>
    <ClCompile Include="Enum.pb.cc">
      <Filter>Protocol</Filter>
    </ClCompile>
    <ClCompile Include="Protocol.pb.cc">
      <Filter>Protocol</Filter>
    </ClCompile>
    <ClCompile Include="Struct.pb.cc">
      <Filter>Protocol</Filter>
    </ClCompile>
    <ClCompile Include="ServerPacketHandler.cpp">
      <Filter>Main</Filter>
    </ClCompile>
    <ClCompile Include="ObjectUtils.cpp">
      <Filter>Utils</Filter>
    </ClCompile>
    <ClCompile Include="ChatSession.cpp">
      <Filter>Main\Session</Filter>
    </ClCompile>
    <ClCompile Include="Room.cpp">
      <Filter>Contents</Filter>
    </ClCompile>
    <ClCompile Include="User.cpp">
      <Filter>Contents</Filter>
    </ClCompile>
  </ItemGroup>
  <ItemGroup>
    <ClInclude Include="pch.h">
      <Filter>Main</Filter>
    </ClInclude>
    <ClInclude Include="Enum.pb.h">
      <Filter>Protocol</Filter>
    </ClInclude>
    <ClInclude Include="Protocol.pb.h">
      <Filter>Protocol</Filter>
    </ClInclude>
    <ClInclude Include="Struct.pb.h">
      <Filter>Protocol</Filter>
    </ClInclude>
    <ClInclude Include="ServerPacketHandler.h">
      <Filter>Main</Filter>
    </ClInclude>
    <ClInclude Include="ObjectUtils.h">
      <Filter>Utils</Filter>
    </ClInclude>
    <ClInclude Include="ChatSession.h">
      <Filter>Main\Session</Filter>
    </ClInclude>
    <ClInclude Include="Room.h">
      <Filter>Contents</Filter>
    </ClInclude>
    <ClInclude Include="User.h">
      <Filter>Contents</Filter>
    </ClInclude>
  </ItemGroup>
  <ItemGroup>
    <None Include="..\Common\protoc-21.12-win64\bin\Struct.proto">
      <Filter>Protocol\Proto</Filter>
    </None>
    <None Include="..\Common\protoc-21.12-win64\bin\Protocol.proto">
      <Filter>Protocol\Proto</Filter>
    </None>
    <None Include="..\Common\protoc-21.12-win64\bin\Enum.proto">
      <Filter>Protocol\Proto</Filter>
    </None>
    <None Include="..\Common\protoc-21.12-win64\bin\GenPackets.bat">
      <Filter>Protocol</Filter>
    </None>
  </ItemGroup>
</Project>